// !$*UTF8*$!
{
	archiveVersion = 1;
	classes = {
	};
	objectVersion = 50;
	objects = {

/* Begin PBXBuildFile section */
		EF15B6C726966467005E714D /* AdditionQuestion.m in Sources */ = {isa = PBXBuildFile; fileRef = EF15B6C626966467005E714D /* AdditionQuestion.m */; };
		EF15B6CA269774C2005E714D /* InputHandler.m in Sources */ = {isa = PBXBuildFile; fileRef = EF15B6C9269774C2005E714D /* InputHandler.m */; };
		EF15B6CD26977677005E714D /* ScoreKeeper.m in Sources */ = {isa = PBXBuildFile; fileRef = EF15B6CC26977677005E714D /* ScoreKeeper.m */; };
		EF15B6D1269785D6005E714D /* main.m in Sources */ = {isa = PBXBuildFile; fileRef = EF15B6D0269785D6005E714D /* main.m */; };
		EF4CD1B42697871E00F1D26D /* main.m in Sources */ = {isa = PBXBuildFile; fileRef = EF4CD1B32697871E00F1D26D /* main.m */; };
		EF4CD1B72697877600F1D26D /* Question.m in Sources */ = {isa = PBXBuildFile; fileRef = EF4CD1B62697877600F1D26D /* Question.m */; };
		EF4CD1BA2697878100F1D26D /* InputHandler.m in Sources */ = {isa = PBXBuildFile; fileRef = EF4CD1B92697878100F1D26D /* InputHandler.m */; };
		EF4CD1BD2697878700F1D26D /* ScoreKeeper.m in Sources */ = {isa = PBXBuildFile; fileRef = EF4CD1BC2697878700F1D26D /* ScoreKeeper.m */; };
		EF4CD1C0269798D400F1D26D /* QuestionManager.m in Sources */ = {isa = PBXBuildFile; fileRef = EF4CD1BF269798D400F1D26D /* QuestionManager.m */; };
		EF4CD1C32697AFFF00F1D26D /* AdditionQuestion.m in Sources */ = {isa = PBXBuildFile; fileRef = EF4CD1C22697AFFF00F1D26D /* AdditionQuestion.m */; };
		EF4CD1C62697BD6C00F1D26D /* SubtractionQuestion.m in Sources */ = {isa = PBXBuildFile; fileRef = EF4CD1C52697BD6C00F1D26D /* SubtractionQuestion.m */; };
		EF4CD1C92697BD7500F1D26D /* MultiplicationQuestion.m in Sources */ = {isa = PBXBuildFile; fileRef = EF4CD1C82697BD7500F1D26D /* MultiplicationQuestion.m */; };
		EF4CD1CC2697BD7D00F1D26D /* DivisionQuestion.m in Sources */ = {isa = PBXBuildFile; fileRef = EF4CD1CB2697BD7D00F1D26D /* DivisionQuestion.m */; };
		EF4CD1CF2697BE7900F1D26D /* QuestionFactory.m in Sources */ = {isa = PBXBuildFile; fileRef = EF4CD1CE2697BE7900F1D26D /* QuestionFactory.m */; };
		EF81816826936A420083C951 /* main.m in Sources */ = {isa = PBXBuildFile; fileRef = EF81816726936A420083C951 /* main.m */; };
		EF81817526936A630083C951 /* main.m in Sources */ = {isa = PBXBuildFile; fileRef = EF81817426936A630083C951 /* main.m */; };
		EF81817B269379CC0083C951 /* Person.m in Sources */ = {isa = PBXBuildFile; fileRef = EF81817A269379CC0083C951 /* Person.m */; };
		EF8181832693D48C0083C951 /* main.m in Sources */ = {isa = PBXBuildFile; fileRef = EF8181822693D48C0083C951 /* main.m */; };
		EF8181892693D5200083C951 /* Box.m in Sources */ = {isa = PBXBuildFile; fileRef = EF8181882693D5200083C951 /* Box.m */; };
		EF89E7B7269A36BF006496E0 /* main.m in Sources */ = {isa = PBXBuildFile; fileRef = EF89E7B6269A36BF006496E0 /* main.m */; };
		EF89E7BD269A37E5006496E0 /* InputCollector.m in Sources */ = {isa = PBXBuildFile; fileRef = EF89E7BC269A37E5006496E0 /* InputCollector.m */; };
		EF89E7C0269A3F67006496E0 /* Contact.m in Sources */ = {isa = PBXBuildFile; fileRef = EF89E7BF269A3F67006496E0 /* Contact.m */; };
		EF89E7C3269A3F97006496E0 /* ContactList.m in Sources */ = {isa = PBXBuildFile; fileRef = EF89E7C2269A3F97006496E0 /* ContactList.m */; };
		EF89E7CB269B9292006496E0 /* main.m in Sources */ = {isa = PBXBuildFile; fileRef = EF89E7CA269B9292006496E0 /* main.m */; };
		EF89E7D1269B9596006496E0 /* Dice.m in Sources */ = {isa = PBXBuildFile; fileRef = EF89E7D0269B9596006496E0 /* Dice.m */; };
		EF89E7D4269B9BA5006496E0 /* InputCollector.m in Sources */ = {isa = PBXBuildFile; fileRef = EF89E7D3269B9BA5006496E0 /* InputCollector.m */; };
/* End PBXBuildFile section */

/* Begin PBXCopyFilesBuildPhase section */
		EF15B6B1269660B7005E714D /* CopyFiles */ = {
			isa = PBXCopyFilesBuildPhase;
			buildActionMask = 2147483647;
			dstPath = /usr/share/man/man1/;
			dstSubfolderSpec = 0;
			files = (
			);
			runOnlyForDeploymentPostprocessing = 1;
		};
		EF4CD1AA269786CC00F1D26D /* CopyFiles */ = {
			isa = PBXCopyFilesBuildPhase;
			buildActionMask = 2147483647;
			dstPath = /usr/share/man/man1/;
			dstSubfolderSpec = 0;
			files = (
			);
			runOnlyForDeploymentPostprocessing = 1;
		};
		EF81816226936A420083C951 /* CopyFiles */ = {
			isa = PBXCopyFilesBuildPhase;
			buildActionMask = 2147483647;
			dstPath = /usr/share/man/man1/;
			dstSubfolderSpec = 0;
			files = (
			);
			runOnlyForDeploymentPostprocessing = 1;
		};
		EF81817026936A630083C951 /* CopyFiles */ = {
			isa = PBXCopyFilesBuildPhase;
			buildActionMask = 2147483647;
			dstPath = /usr/share/man/man1/;
			dstSubfolderSpec = 0;
			files = (
			);
			runOnlyForDeploymentPostprocessing = 1;
		};
		EF81817E2693D48C0083C951 /* CopyFiles */ = {
			isa = PBXCopyFilesBuildPhase;
			buildActionMask = 2147483647;
			dstPath = /usr/share/man/man1/;
			dstSubfolderSpec = 0;
			files = (
			);
			runOnlyForDeploymentPostprocessing = 1;
		};
		EF89E7B2269A36BF006496E0 /* CopyFiles */ = {
			isa = PBXCopyFilesBuildPhase;
			buildActionMask = 2147483647;
			dstPath = /usr/share/man/man1/;
			dstSubfolderSpec = 0;
			files = (
			);
			runOnlyForDeploymentPostprocessing = 1;
		};
		EF89E7C6269B9292006496E0 /* CopyFiles */ = {
			isa = PBXCopyFilesBuildPhase;
			buildActionMask = 2147483647;
			dstPath = /usr/share/man/man1/;
			dstSubfolderSpec = 0;
			files = (
			);
			runOnlyForDeploymentPostprocessing = 1;
		};
/* End PBXCopyFilesBuildPhase section */

/* Begin PBXFileReference section */
		EF15B6B3269660B7005E714D /* Lab3 */ = {isa = PBXFileReference; explicitFileType = "compiled.mach-o.executable"; includeInIndex = 0; path = Lab3; sourceTree = BUILT_PRODUCTS_DIR; };
		EF15B6C526966467005E714D /* AdditionQuestion.h */ = {isa = PBXFileReference; lastKnownFileType = sourcecode.c.h; path = AdditionQuestion.h; sourceTree = "<group>"; };
		EF15B6C626966467005E714D /* AdditionQuestion.m */ = {isa = PBXFileReference; lastKnownFileType = sourcecode.c.objc; path = AdditionQuestion.m; sourceTree = "<group>"; };
		EF15B6C8269774C2005E714D /* InputHandler.h */ = {isa = PBXFileReference; lastKnownFileType = sourcecode.c.h; path = InputHandler.h; sourceTree = "<group>"; };
		EF15B6C9269774C2005E714D /* InputHandler.m */ = {isa = PBXFileReference; lastKnownFileType = sourcecode.c.objc; path = InputHandler.m; sourceTree = "<group>"; };
		EF15B6CB26977677005E714D /* ScoreKeeper.h */ = {isa = PBXFileReference; lastKnownFileType = sourcecode.c.h; path = ScoreKeeper.h; sourceTree = "<group>"; };
		EF15B6CC26977677005E714D /* ScoreKeeper.m */ = {isa = PBXFileReference; lastKnownFileType = sourcecode.c.objc; path = ScoreKeeper.m; sourceTree = "<group>"; };
		EF15B6D0269785D6005E714D /* main.m */ = {isa = PBXFileReference; lastKnownFileType = sourcecode.c.objc; path = main.m; sourceTree = "<group>"; };
		EF4CD1AC269786CC00F1D26D /* Lab4 */ = {isa = PBXFileReference; explicitFileType = "compiled.mach-o.executable"; includeInIndex = 0; path = Lab4; sourceTree = BUILT_PRODUCTS_DIR; };
		EF4CD1B32697871E00F1D26D /* main.m */ = {isa = PBXFileReference; fileEncoding = 4; lastKnownFileType = sourcecode.c.objc; path = main.m; sourceTree = "<group>"; };
		EF4CD1B52697876100F1D26D /* Question.h */ = {isa = PBXFileReference; fileEncoding = 4; lastKnownFileType = sourcecode.c.h; path = Question.h; sourceTree = "<group>"; };
		EF4CD1B62697877600F1D26D /* Question.m */ = {isa = PBXFileReference; fileEncoding = 4; lastKnownFileType = sourcecode.c.objc; path = Question.m; sourceTree = "<group>"; };
		EF4CD1B82697877B00F1D26D /* InputHandler.h */ = {isa = PBXFileReference; lastKnownFileType = sourcecode.c.h; path = InputHandler.h; sourceTree = "<group>"; };
		EF4CD1B92697878100F1D26D /* InputHandler.m */ = {isa = PBXFileReference; fileEncoding = 4; lastKnownFileType = sourcecode.c.objc; path = InputHandler.m; sourceTree = "<group>"; };
		EF4CD1BB2697878700F1D26D /* ScoreKeeper.h */ = {isa = PBXFileReference; fileEncoding = 4; lastKnownFileType = sourcecode.c.h; path = ScoreKeeper.h; sourceTree = "<group>"; };
		EF4CD1BC2697878700F1D26D /* ScoreKeeper.m */ = {isa = PBXFileReference; fileEncoding = 4; lastKnownFileType = sourcecode.c.objc; path = ScoreKeeper.m; sourceTree = "<group>"; };
		EF4CD1BE269798D400F1D26D /* QuestionManager.h */ = {isa = PBXFileReference; lastKnownFileType = sourcecode.c.h; path = QuestionManager.h; sourceTree = "<group>"; };
		EF4CD1BF269798D400F1D26D /* QuestionManager.m */ = {isa = PBXFileReference; lastKnownFileType = sourcecode.c.objc; path = QuestionManager.m; sourceTree = "<group>"; };
		EF4CD1C12697AFFF00F1D26D /* AdditionQuestion.h */ = {isa = PBXFileReference; lastKnownFileType = sourcecode.c.h; path = AdditionQuestion.h; sourceTree = "<group>"; };
		EF4CD1C22697AFFF00F1D26D /* AdditionQuestion.m */ = {isa = PBXFileReference; lastKnownFileType = sourcecode.c.objc; path = AdditionQuestion.m; sourceTree = "<group>"; };
		EF4CD1C42697BD6C00F1D26D /* SubtractionQuestion.h */ = {isa = PBXFileReference; lastKnownFileType = sourcecode.c.h; path = SubtractionQuestion.h; sourceTree = "<group>"; };
		EF4CD1C52697BD6C00F1D26D /* SubtractionQuestion.m */ = {isa = PBXFileReference; lastKnownFileType = sourcecode.c.objc; path = SubtractionQuestion.m; sourceTree = "<group>"; };
		EF4CD1C72697BD7500F1D26D /* MultiplicationQuestion.h */ = {isa = PBXFileReference; lastKnownFileType = sourcecode.c.h; path = MultiplicationQuestion.h; sourceTree = "<group>"; };
		EF4CD1C82697BD7500F1D26D /* MultiplicationQuestion.m */ = {isa = PBXFileReference; lastKnownFileType = sourcecode.c.objc; path = MultiplicationQuestion.m; sourceTree = "<group>"; };
		EF4CD1CA2697BD7D00F1D26D /* DivisionQuestion.h */ = {isa = PBXFileReference; lastKnownFileType = sourcecode.c.h; path = DivisionQuestion.h; sourceTree = "<group>"; };
		EF4CD1CB2697BD7D00F1D26D /* DivisionQuestion.m */ = {isa = PBXFileReference; lastKnownFileType = sourcecode.c.objc; path = DivisionQuestion.m; sourceTree = "<group>"; };
		EF4CD1CD2697BE7900F1D26D /* QuestionFactory.h */ = {isa = PBXFileReference; lastKnownFileType = sourcecode.c.h; path = QuestionFactory.h; sourceTree = "<group>"; };
		EF4CD1CE2697BE7900F1D26D /* QuestionFactory.m */ = {isa = PBXFileReference; lastKnownFileType = sourcecode.c.objc; path = QuestionFactory.m; sourceTree = "<group>"; };
		EF81816426936A420083C951 /* ObjectiveC */ = {isa = PBXFileReference; explicitFileType = "compiled.mach-o.executable"; includeInIndex = 0; path = ObjectiveC; sourceTree = BUILT_PRODUCTS_DIR; };
		EF81816726936A420083C951 /* main.m */ = {isa = PBXFileReference; lastKnownFileType = sourcecode.c.objc; path = main.m; sourceTree = "<group>"; };
		EF81817226936A630083C951 /* Lab1 */ = {isa = PBXFileReference; explicitFileType = "compiled.mach-o.executable"; includeInIndex = 0; path = Lab1; sourceTree = BUILT_PRODUCTS_DIR; };
		EF81817426936A630083C951 /* main.m */ = {isa = PBXFileReference; lastKnownFileType = sourcecode.c.objc; path = main.m; sourceTree = "<group>"; };
		EF818179269379CC0083C951 /* Person.h */ = {isa = PBXFileReference; lastKnownFileType = sourcecode.c.h; path = Person.h; sourceTree = "<group>"; };
		EF81817A269379CC0083C951 /* Person.m */ = {isa = PBXFileReference; lastKnownFileType = sourcecode.c.objc; path = Person.m; sourceTree = "<group>"; };
		EF8181802693D48C0083C951 /* Lab2 */ = {isa = PBXFileReference; explicitFileType = "compiled.mach-o.executable"; includeInIndex = 0; path = Lab2; sourceTree = BUILT_PRODUCTS_DIR; };
		EF8181822693D48C0083C951 /* main.m */ = {isa = PBXFileReference; lastKnownFileType = sourcecode.c.objc; path = main.m; sourceTree = "<group>"; };
		EF8181872693D5200083C951 /* Box.h */ = {isa = PBXFileReference; lastKnownFileType = sourcecode.c.h; path = Box.h; sourceTree = "<group>"; };
		EF8181882693D5200083C951 /* Box.m */ = {isa = PBXFileReference; lastKnownFileType = sourcecode.c.objc; path = Box.m; sourceTree = "<group>"; };
		EF89E7B4269A36BF006496E0 /* Lab5 */ = {isa = PBXFileReference; explicitFileType = "compiled.mach-o.executable"; includeInIndex = 0; path = Lab5; sourceTree = BUILT_PRODUCTS_DIR; };
		EF89E7B6269A36BF006496E0 /* main.m */ = {isa = PBXFileReference; lastKnownFileType = sourcecode.c.objc; path = main.m; sourceTree = "<group>"; };
		EF89E7BB269A37E5006496E0 /* InputCollector.h */ = {isa = PBXFileReference; lastKnownFileType = sourcecode.c.h; path = InputCollector.h; sourceTree = "<group>"; };
		EF89E7BC269A37E5006496E0 /* InputCollector.m */ = {isa = PBXFileReference; lastKnownFileType = sourcecode.c.objc; path = InputCollector.m; sourceTree = "<group>"; };
		EF89E7BE269A3F67006496E0 /* Contact.h */ = {isa = PBXFileReference; lastKnownFileType = sourcecode.c.h; path = Contact.h; sourceTree = "<group>"; };
		EF89E7BF269A3F67006496E0 /* Contact.m */ = {isa = PBXFileReference; lastKnownFileType = sourcecode.c.objc; path = Contact.m; sourceTree = "<group>"; };
		EF89E7C1269A3F97006496E0 /* ContactList.h */ = {isa = PBXFileReference; lastKnownFileType = sourcecode.c.h; path = ContactList.h; sourceTree = "<group>"; };
		EF89E7C2269A3F97006496E0 /* ContactList.m */ = {isa = PBXFileReference; lastKnownFileType = sourcecode.c.objc; path = ContactList.m; sourceTree = "<group>"; };
		EF89E7C8269B9292006496E0 /* Lab6 */ = {isa = PBXFileReference; explicitFileType = "compiled.mach-o.executable"; includeInIndex = 0; path = Lab6; sourceTree = BUILT_PRODUCTS_DIR; };
		EF89E7CA269B9292006496E0 /* main.m */ = {isa = PBXFileReference; lastKnownFileType = sourcecode.c.objc; path = main.m; sourceTree = "<group>"; };
		EF89E7CF269B9596006496E0 /* Dice.h */ = {isa = PBXFileReference; lastKnownFileType = sourcecode.c.h; path = Dice.h; sourceTree = "<group>"; };
		EF89E7D0269B9596006496E0 /* Dice.m */ = {isa = PBXFileReference; lastKnownFileType = sourcecode.c.objc; path = Dice.m; sourceTree = "<group>"; };
		EF89E7D2269B9BA5006496E0 /* InputCollector.h */ = {isa = PBXFileReference; lastKnownFileType = sourcecode.c.h; path = InputCollector.h; sourceTree = "<group>"; };
		EF89E7D3269B9BA5006496E0 /* InputCollector.m */ = {isa = PBXFileReference; lastKnownFileType = sourcecode.c.objc; path = InputCollector.m; sourceTree = "<group>"; };
/* End PBXFileReference section */

/* Begin PBXFrameworksBuildPhase section */
		EF15B6B0269660B7005E714D /* Frameworks */ = {
			isa = PBXFrameworksBuildPhase;
			buildActionMask = 2147483647;
			files = (
			);
			runOnlyForDeploymentPostprocessing = 0;
		};
		EF4CD1A9269786CC00F1D26D /* Frameworks */ = {
			isa = PBXFrameworksBuildPhase;
			buildActionMask = 2147483647;
			files = (
			);
			runOnlyForDeploymentPostprocessing = 0;
		};
		EF81816126936A420083C951 /* Frameworks */ = {
			isa = PBXFrameworksBuildPhase;
			buildActionMask = 2147483647;
			files = (
			);
			runOnlyForDeploymentPostprocessing = 0;
		};
		EF81816F26936A630083C951 /* Frameworks */ = {
			isa = PBXFrameworksBuildPhase;
			buildActionMask = 2147483647;
			files = (
			);
			runOnlyForDeploymentPostprocessing = 0;
		};
		EF81817D2693D48C0083C951 /* Frameworks */ = {
			isa = PBXFrameworksBuildPhase;
			buildActionMask = 2147483647;
			files = (
			);
			runOnlyForDeploymentPostprocessing = 0;
		};
		EF89E7B1269A36BF006496E0 /* Frameworks */ = {
			isa = PBXFrameworksBuildPhase;
			buildActionMask = 2147483647;
			files = (
			);
			runOnlyForDeploymentPostprocessing = 0;
		};
		EF89E7C5269B9292006496E0 /* Frameworks */ = {
			isa = PBXFrameworksBuildPhase;
			buildActionMask = 2147483647;
			files = (
			);
			runOnlyForDeploymentPostprocessing = 0;
		};
/* End PBXFrameworksBuildPhase section */

/* Begin PBXGroup section */
		EF15B6B4269660B7005E714D /* Lab3 */ = {
			isa = PBXGroup;
			children = (
				EF15B6D0269785D6005E714D /* main.m */,
				EF15B6C8269774C2005E714D /* InputHandler.h */,
				EF15B6C9269774C2005E714D /* InputHandler.m */,
				EF15B6CB26977677005E714D /* ScoreKeeper.h */,
				EF15B6CC26977677005E714D /* ScoreKeeper.m */,
				EF15B6C526966467005E714D /* AdditionQuestion.h */,
				EF15B6C626966467005E714D /* AdditionQuestion.m */,
			);
			path = Lab3;
			sourceTree = "<group>";
		};
		EF4CD1AD269786CC00F1D26D /* Lab4 */ = {
			isa = PBXGroup;
			children = (
				EF4CD1B32697871E00F1D26D /* main.m */,
				EF4CD1B82697877B00F1D26D /* InputHandler.h */,
				EF4CD1B92697878100F1D26D /* InputHandler.m */,
				EF4CD1BB2697878700F1D26D /* ScoreKeeper.h */,
				EF4CD1BC2697878700F1D26D /* ScoreKeeper.m */,
				EF4CD1BE269798D400F1D26D /* QuestionManager.h */,
				EF4CD1BF269798D400F1D26D /* QuestionManager.m */,
				EF4CD1CD2697BE7900F1D26D /* QuestionFactory.h */,
				EF4CD1CE2697BE7900F1D26D /* QuestionFactory.m */,
				EF4CD1B52697876100F1D26D /* Question.h */,
				EF4CD1B62697877600F1D26D /* Question.m */,
				EF4CD1C12697AFFF00F1D26D /* AdditionQuestion.h */,
				EF4CD1C22697AFFF00F1D26D /* AdditionQuestion.m */,
				EF4CD1C42697BD6C00F1D26D /* SubtractionQuestion.h */,
				EF4CD1C52697BD6C00F1D26D /* SubtractionQuestion.m */,
				EF4CD1C72697BD7500F1D26D /* MultiplicationQuestion.h */,
				EF4CD1C82697BD7500F1D26D /* MultiplicationQuestion.m */,
				EF4CD1CA2697BD7D00F1D26D /* DivisionQuestion.h */,
				EF4CD1CB2697BD7D00F1D26D /* DivisionQuestion.m */,
			);
			path = Lab4;
			sourceTree = "<group>";
		};
		EF81815B26936A420083C951 = {
			isa = PBXGroup;
			children = (
				EF81816626936A420083C951 /* ObjectiveC */,
				EF81817326936A630083C951 /* Lab1 */,
				EF8181812693D48C0083C951 /* Lab2 */,
				EF15B6B4269660B7005E714D /* Lab3 */,
				EF4CD1AD269786CC00F1D26D /* Lab4 */,
				EF89E7B5269A36BF006496E0 /* Lab5 */,
				EF89E7C9269B9292006496E0 /* Lab6 */,
				EF81816526936A420083C951 /* Products */,
			);
			sourceTree = "<group>";
		};
		EF81816526936A420083C951 /* Products */ = {
			isa = PBXGroup;
			children = (
				EF81816426936A420083C951 /* ObjectiveC */,
				EF81817226936A630083C951 /* Lab1 */,
				EF8181802693D48C0083C951 /* Lab2 */,
				EF15B6B3269660B7005E714D /* Lab3 */,
				EF4CD1AC269786CC00F1D26D /* Lab4 */,
				EF89E7B4269A36BF006496E0 /* Lab5 */,
				EF89E7C8269B9292006496E0 /* Lab6 */,
			);
			name = Products;
			sourceTree = "<group>";
		};
		EF81816626936A420083C951 /* ObjectiveC */ = {
			isa = PBXGroup;
			children = (
				EF81816726936A420083C951 /* main.m */,
				EF818179269379CC0083C951 /* Person.h */,
				EF81817A269379CC0083C951 /* Person.m */,
			);
			path = ObjectiveC;
			sourceTree = "<group>";
		};
		EF81817326936A630083C951 /* Lab1 */ = {
			isa = PBXGroup;
			children = (
				EF81817426936A630083C951 /* main.m */,
			);
			path = Lab1;
			sourceTree = "<group>";
		};
		EF8181812693D48C0083C951 /* Lab2 */ = {
			isa = PBXGroup;
			children = (
				EF8181822693D48C0083C951 /* main.m */,
				EF8181872693D5200083C951 /* Box.h */,
				EF8181882693D5200083C951 /* Box.m */,
			);
			path = Lab2;
			sourceTree = "<group>";
		};
		EF89E7B5269A36BF006496E0 /* Lab5 */ = {
			isa = PBXGroup;
			children = (
				EF89E7B6269A36BF006496E0 /* main.m */,
				EF89E7BE269A3F67006496E0 /* Contact.h */,
				EF89E7BF269A3F67006496E0 /* Contact.m */,
				EF89E7C1269A3F97006496E0 /* ContactList.h */,
				EF89E7C2269A3F97006496E0 /* ContactList.m */,
				EF89E7BB269A37E5006496E0 /* InputCollector.h */,
				EF89E7BC269A37E5006496E0 /* InputCollector.m */,
			);
			path = Lab5;
			sourceTree = "<group>";
		};
		EF89E7C9269B9292006496E0 /* Lab6 */ = {
			isa = PBXGroup;
			children = (
				EF89E7CA269B9292006496E0 /* main.m */,
				EF89E7D2269B9BA5006496E0 /* InputCollector.h */,
				EF89E7D3269B9BA5006496E0 /* InputCollector.m */,
				EF89E7CF269B9596006496E0 /* Dice.h */,
				EF89E7D0269B9596006496E0 /* Dice.m */,
			);
			path = Lab6;
			sourceTree = "<group>";
		};
/* End PBXGroup section */

/* Begin PBXNativeTarget section */
		EF15B6B2269660B7005E714D /* Lab3 */ = {
			isa = PBXNativeTarget;
			buildConfigurationList = EF15B6B9269660B7005E714D /* Build configuration list for PBXNativeTarget "Lab3" */;
			buildPhases = (
				EF15B6AF269660B7005E714D /* Sources */,
				EF15B6B0269660B7005E714D /* Frameworks */,
				EF15B6B1269660B7005E714D /* CopyFiles */,
			);
			buildRules = (
			);
			dependencies = (
			);
			name = Lab3;
			productName = Lab3;
			productReference = EF15B6B3269660B7005E714D /* Lab3 */;
			productType = "com.apple.product-type.tool";
		};
		EF4CD1AB269786CC00F1D26D /* Lab4 */ = {
			isa = PBXNativeTarget;
			buildConfigurationList = EF4CD1B0269786CC00F1D26D /* Build configuration list for PBXNativeTarget "Lab4" */;
			buildPhases = (
				EF4CD1A8269786CC00F1D26D /* Sources */,
				EF4CD1A9269786CC00F1D26D /* Frameworks */,
				EF4CD1AA269786CC00F1D26D /* CopyFiles */,
			);
			buildRules = (
			);
			dependencies = (
			);
			name = Lab4;
			productName = Lab4;
			productReference = EF4CD1AC269786CC00F1D26D /* Lab4 */;
			productType = "com.apple.product-type.tool";
		};
		EF81816326936A420083C951 /* ObjectiveC */ = {
			isa = PBXNativeTarget;
			buildConfigurationList = EF81816B26936A420083C951 /* Build configuration list for PBXNativeTarget "ObjectiveC" */;
			buildPhases = (
				EF81816026936A420083C951 /* Sources */,
				EF81816126936A420083C951 /* Frameworks */,
				EF81816226936A420083C951 /* CopyFiles */,
			);
			buildRules = (
			);
			dependencies = (
			);
			name = ObjectiveC;
			productName = ObjectiveC;
			productReference = EF81816426936A420083C951 /* ObjectiveC */;
			productType = "com.apple.product-type.tool";
		};
		EF81817126936A630083C951 /* Lab1 */ = {
			isa = PBXNativeTarget;
			buildConfigurationList = EF81817626936A630083C951 /* Build configuration list for PBXNativeTarget "Lab1" */;
			buildPhases = (
				EF81816E26936A630083C951 /* Sources */,
				EF81816F26936A630083C951 /* Frameworks */,
				EF81817026936A630083C951 /* CopyFiles */,
			);
			buildRules = (
			);
			dependencies = (
			);
			name = Lab1;
			productName = Lab1;
			productReference = EF81817226936A630083C951 /* Lab1 */;
			productType = "com.apple.product-type.tool";
		};
		EF81817F2693D48C0083C951 /* Lab2 */ = {
			isa = PBXNativeTarget;
			buildConfigurationList = EF8181842693D48C0083C951 /* Build configuration list for PBXNativeTarget "Lab2" */;
			buildPhases = (
				EF81817C2693D48C0083C951 /* Sources */,
				EF81817D2693D48C0083C951 /* Frameworks */,
				EF81817E2693D48C0083C951 /* CopyFiles */,
			);
			buildRules = (
			);
			dependencies = (
			);
			name = Lab2;
			productName = Lab2;
			productReference = EF8181802693D48C0083C951 /* Lab2 */;
			productType = "com.apple.product-type.tool";
		};
		EF89E7B3269A36BF006496E0 /* Lab5 */ = {
			isa = PBXNativeTarget;
			buildConfigurationList = EF89E7BA269A36BF006496E0 /* Build configuration list for PBXNativeTarget "Lab5" */;
			buildPhases = (
				EF89E7B0269A36BF006496E0 /* Sources */,
				EF89E7B1269A36BF006496E0 /* Frameworks */,
				EF89E7B2269A36BF006496E0 /* CopyFiles */,
			);
			buildRules = (
			);
			dependencies = (
			);
			name = Lab5;
			productName = Lab5;
			productReference = EF89E7B4269A36BF006496E0 /* Lab5 */;
			productType = "com.apple.product-type.tool";
		};
		EF89E7C7269B9292006496E0 /* Lab6 */ = {
			isa = PBXNativeTarget;
			buildConfigurationList = EF89E7CC269B9292006496E0 /* Build configuration list for PBXNativeTarget "Lab6" */;
			buildPhases = (
				EF89E7C4269B9292006496E0 /* Sources */,
				EF89E7C5269B9292006496E0 /* Frameworks */,
				EF89E7C6269B9292006496E0 /* CopyFiles */,
			);
			buildRules = (
			);
			dependencies = (
			);
			name = Lab6;
			productName = Lab6;
			productReference = EF89E7C8269B9292006496E0 /* Lab6 */;
			productType = "com.apple.product-type.tool";
		};
/* End PBXNativeTarget section */

/* Begin PBXProject section */
		EF81815C26936A420083C951 /* Project object */ = {
			isa = PBXProject;
			attributes = {
				LastUpgradeCheck = 1250;
				TargetAttributes = {
					EF15B6B2269660B7005E714D = {
						CreatedOnToolsVersion = 12.5.1;
					};
					EF4CD1AB269786CC00F1D26D = {
						CreatedOnToolsVersion = 12.5.1;
					};
					EF81816326936A420083C951 = {
						CreatedOnToolsVersion = 12.5.1;
					};
					EF81817126936A630083C951 = {
						CreatedOnToolsVersion = 12.5.1;
					};
					EF81817F2693D48C0083C951 = {
						CreatedOnToolsVersion = 12.5.1;
					};
					EF89E7B3269A36BF006496E0 = {
						CreatedOnToolsVersion = 12.5.1;
					};
					EF89E7C7269B9292006496E0 = {
						CreatedOnToolsVersion = 12.5.1;
					};
				};
			};
			buildConfigurationList = EF81815F26936A420083C951 /* Build configuration list for PBXProject "ObjectiveC" */;
			compatibilityVersion = "Xcode 9.3";
			developmentRegion = en;
			hasScannedForEncodings = 0;
			knownRegions = (
				en,
				Base,
			);
			mainGroup = EF81815B26936A420083C951;
			productRefGroup = EF81816526936A420083C951 /* Products */;
			projectDirPath = "";
			projectRoot = "";
			targets = (
				EF81816326936A420083C951 /* ObjectiveC */,
				EF81817126936A630083C951 /* Lab1 */,
				EF81817F2693D48C0083C951 /* Lab2 */,
				EF15B6B2269660B7005E714D /* Lab3 */,
				EF4CD1AB269786CC00F1D26D /* Lab4 */,
				EF89E7B3269A36BF006496E0 /* Lab5 */,
				EF89E7C7269B9292006496E0 /* Lab6 */,
			);
		};
/* End PBXProject section */

/* Begin PBXSourcesBuildPhase section */
		EF15B6AF269660B7005E714D /* Sources */ = {
			isa = PBXSourcesBuildPhase;
			buildActionMask = 2147483647;
			files = (
				EF15B6CD26977677005E714D /* ScoreKeeper.m in Sources */,
				EF15B6CA269774C2005E714D /* InputHandler.m in Sources */,
				EF15B6D1269785D6005E714D /* main.m in Sources */,
				EF15B6C726966467005E714D /* AdditionQuestion.m in Sources */,
			);
			runOnlyForDeploymentPostprocessing = 0;
		};
		EF4CD1A8269786CC00F1D26D /* Sources */ = {
			isa = PBXSourcesBuildPhase;
			buildActionMask = 2147483647;
			files = (
				EF4CD1C0269798D400F1D26D /* QuestionManager.m in Sources */,
				EF4CD1C92697BD7500F1D26D /* MultiplicationQuestion.m in Sources */,
				EF4CD1BD2697878700F1D26D /* ScoreKeeper.m in Sources */,
				EF4CD1C62697BD6C00F1D26D /* SubtractionQuestion.m in Sources */,
				EF4CD1B42697871E00F1D26D /* main.m in Sources */,
				EF4CD1C32697AFFF00F1D26D /* AdditionQuestion.m in Sources */,
				EF4CD1CC2697BD7D00F1D26D /* DivisionQuestion.m in Sources */,
				EF4CD1BA2697878100F1D26D /* InputHandler.m in Sources */,
				EF4CD1CF2697BE7900F1D26D /* QuestionFactory.m in Sources */,
				EF4CD1B72697877600F1D26D /* Question.m in Sources */,
			);
			runOnlyForDeploymentPostprocessing = 0;
		};
		EF81816026936A420083C951 /* Sources */ = {
			isa = PBXSourcesBuildPhase;
			buildActionMask = 2147483647;
			files = (
				EF81817B269379CC0083C951 /* Person.m in Sources */,
				EF81816826936A420083C951 /* main.m in Sources */,
			);
			runOnlyForDeploymentPostprocessing = 0;
		};
		EF81816E26936A630083C951 /* Sources */ = {
			isa = PBXSourcesBuildPhase;
			buildActionMask = 2147483647;
			files = (
				EF81817526936A630083C951 /* main.m in Sources */,
			);
			runOnlyForDeploymentPostprocessing = 0;
		};
		EF81817C2693D48C0083C951 /* Sources */ = {
			isa = PBXSourcesBuildPhase;
			buildActionMask = 2147483647;
			files = (
				EF8181832693D48C0083C951 /* main.m in Sources */,
				EF8181892693D5200083C951 /* Box.m in Sources */,
			);
			runOnlyForDeploymentPostprocessing = 0;
		};
		EF89E7B0269A36BF006496E0 /* Sources */ = {
			isa = PBXSourcesBuildPhase;
			buildActionMask = 2147483647;
			files = (
				EF89E7C3269A3F97006496E0 /* ContactList.m in Sources */,
				EF89E7BD269A37E5006496E0 /* InputCollector.m in Sources */,
				EF89E7C0269A3F67006496E0 /* Contact.m in Sources */,
				EF89E7B7269A36BF006496E0 /* main.m in Sources */,
			);
			runOnlyForDeploymentPostprocessing = 0;
		};
		EF89E7C4269B9292006496E0 /* Sources */ = {
			isa = PBXSourcesBuildPhase;
			buildActionMask = 2147483647;
			files = (
				EF89E7D4269B9BA5006496E0 /* InputCollector.m in Sources */,
				EF89E7D1269B9596006496E0 /* Dice.m in Sources */,
				EF89E7CB269B9292006496E0 /* main.m in Sources */,
			);
			runOnlyForDeploymentPostprocessing = 0;
		};
/* End PBXSourcesBuildPhase section */

/* Begin XCBuildConfiguration section */
		EF15B6B7269660B7005E714D /* Debug */ = {
			isa = XCBuildConfiguration;
			buildSettings = {
				CODE_SIGN_STYLE = Automatic;
				DEVELOPMENT_TEAM = 3YU877859X;
				ENABLE_HARDENED_RUNTIME = YES;
				PRODUCT_NAME = "$(TARGET_NAME)";
			};
			name = Debug;
		};
		EF15B6B8269660B7005E714D /* Release */ = {
			isa = XCBuildConfiguration;
			buildSettings = {
				CODE_SIGN_STYLE = Automatic;
				DEVELOPMENT_TEAM = 3YU877859X;
				ENABLE_HARDENED_RUNTIME = YES;
				PRODUCT_NAME = "$(TARGET_NAME)";
			};
			name = Release;
		};
		EF4CD1B1269786CC00F1D26D /* Debug */ = {
			isa = XCBuildConfiguration;
			buildSettings = {
				CODE_SIGN_STYLE = Automatic;
				DEVELOPMENT_TEAM = 3YU877859X;
				ENABLE_HARDENED_RUNTIME = YES;
				PRODUCT_NAME = "$(TARGET_NAME)";
			};
			name = Debug;
		};
		EF4CD1B2269786CC00F1D26D /* Release */ = {
			isa = XCBuildConfiguration;
			buildSettings = {
				CODE_SIGN_STYLE = Automatic;
				DEVELOPMENT_TEAM = 3YU877859X;
				ENABLE_HARDENED_RUNTIME = YES;
				PRODUCT_NAME = "$(TARGET_NAME)";
			};
			name = Release;
		};
		EF81816926936A420083C951 /* Debug */ = {
			isa = XCBuildConfiguration;
			buildSettings = {
				ALWAYS_SEARCH_USER_PATHS = NO;
				CLANG_ANALYZER_NONNULL = YES;
				CLANG_ANALYZER_NUMBER_OBJECT_CONVERSION = YES_AGGRESSIVE;
				CLANG_CXX_LANGUAGE_STANDARD = "gnu++14";
				CLANG_CXX_LIBRARY = "libc++";
				CLANG_ENABLE_MODULES = YES;
				CLANG_ENABLE_OBJC_ARC = YES;
				CLANG_ENABLE_OBJC_WEAK = YES;
				CLANG_WARN_BLOCK_CAPTURE_AUTORELEASING = YES;
				CLANG_WARN_BOOL_CONVERSION = YES;
				CLANG_WARN_COMMA = YES;
				CLANG_WARN_CONSTANT_CONVERSION = YES;
				CLANG_WARN_DEPRECATED_OBJC_IMPLEMENTATIONS = YES;
				CLANG_WARN_DIRECT_OBJC_ISA_USAGE = YES_ERROR;
				CLANG_WARN_DOCUMENTATION_COMMENTS = YES;
				CLANG_WARN_EMPTY_BODY = YES;
				CLANG_WARN_ENUM_CONVERSION = YES;
				CLANG_WARN_INFINITE_RECURSION = YES;
				CLANG_WARN_INT_CONVERSION = YES;
				CLANG_WARN_NON_LITERAL_NULL_CONVERSION = YES;
				CLANG_WARN_OBJC_IMPLICIT_RETAIN_SELF = YES;
				CLANG_WARN_OBJC_LITERAL_CONVERSION = YES;
				CLANG_WARN_OBJC_ROOT_CLASS = YES_ERROR;
				CLANG_WARN_QUOTED_INCLUDE_IN_FRAMEWORK_HEADER = YES;
				CLANG_WARN_RANGE_LOOP_ANALYSIS = YES;
				CLANG_WARN_STRICT_PROTOTYPES = YES;
				CLANG_WARN_SUSPICIOUS_MOVE = YES;
				CLANG_WARN_UNGUARDED_AVAILABILITY = YES_AGGRESSIVE;
				CLANG_WARN_UNREACHABLE_CODE = YES;
				CLANG_WARN__DUPLICATE_METHOD_MATCH = YES;
				COPY_PHASE_STRIP = NO;
				DEBUG_INFORMATION_FORMAT = dwarf;
				ENABLE_STRICT_OBJC_MSGSEND = YES;
				ENABLE_TESTABILITY = YES;
				GCC_C_LANGUAGE_STANDARD = gnu11;
				GCC_DYNAMIC_NO_PIC = NO;
				GCC_NO_COMMON_BLOCKS = YES;
				GCC_OPTIMIZATION_LEVEL = 0;
				GCC_PREPROCESSOR_DEFINITIONS = (
					"DEBUG=1",
					"$(inherited)",
				);
				GCC_WARN_64_TO_32_BIT_CONVERSION = YES;
				GCC_WARN_ABOUT_RETURN_TYPE = YES_ERROR;
				GCC_WARN_UNDECLARED_SELECTOR = YES;
				GCC_WARN_UNINITIALIZED_AUTOS = YES_AGGRESSIVE;
				GCC_WARN_UNUSED_FUNCTION = YES;
				GCC_WARN_UNUSED_VARIABLE = YES;
				MACOSX_DEPLOYMENT_TARGET = 11.3;
				MTL_ENABLE_DEBUG_INFO = INCLUDE_SOURCE;
				MTL_FAST_MATH = YES;
				ONLY_ACTIVE_ARCH = YES;
				SDKROOT = macosx;
			};
			name = Debug;
		};
		EF81816A26936A420083C951 /* Release */ = {
			isa = XCBuildConfiguration;
			buildSettings = {
				ALWAYS_SEARCH_USER_PATHS = NO;
				CLANG_ANALYZER_NONNULL = YES;
				CLANG_ANALYZER_NUMBER_OBJECT_CONVERSION = YES_AGGRESSIVE;
				CLANG_CXX_LANGUAGE_STANDARD = "gnu++14";
				CLANG_CXX_LIBRARY = "libc++";
				CLANG_ENABLE_MODULES = YES;
				CLANG_ENABLE_OBJC_ARC = YES;
				CLANG_ENABLE_OBJC_WEAK = YES;
				CLANG_WARN_BLOCK_CAPTURE_AUTORELEASING = YES;
				CLANG_WARN_BOOL_CONVERSION = YES;
				CLANG_WARN_COMMA = YES;
				CLANG_WARN_CONSTANT_CONVERSION = YES;
				CLANG_WARN_DEPRECATED_OBJC_IMPLEMENTATIONS = YES;
				CLANG_WARN_DIRECT_OBJC_ISA_USAGE = YES_ERROR;
				CLANG_WARN_DOCUMENTATION_COMMENTS = YES;
				CLANG_WARN_EMPTY_BODY = YES;
				CLANG_WARN_ENUM_CONVERSION = YES;
				CLANG_WARN_INFINITE_RECURSION = YES;
				CLANG_WARN_INT_CONVERSION = YES;
				CLANG_WARN_NON_LITERAL_NULL_CONVERSION = YES;
				CLANG_WARN_OBJC_IMPLICIT_RETAIN_SELF = YES;
				CLANG_WARN_OBJC_LITERAL_CONVERSION = YES;
				CLANG_WARN_OBJC_ROOT_CLASS = YES_ERROR;
				CLANG_WARN_QUOTED_INCLUDE_IN_FRAMEWORK_HEADER = YES;
				CLANG_WARN_RANGE_LOOP_ANALYSIS = YES;
				CLANG_WARN_STRICT_PROTOTYPES = YES;
				CLANG_WARN_SUSPICIOUS_MOVE = YES;
				CLANG_WARN_UNGUARDED_AVAILABILITY = YES_AGGRESSIVE;
				CLANG_WARN_UNREACHABLE_CODE = YES;
				CLANG_WARN__DUPLICATE_METHOD_MATCH = YES;
				COPY_PHASE_STRIP = NO;
				DEBUG_INFORMATION_FORMAT = "dwarf-with-dsym";
				ENABLE_NS_ASSERTIONS = NO;
				ENABLE_STRICT_OBJC_MSGSEND = YES;
				GCC_C_LANGUAGE_STANDARD = gnu11;
				GCC_NO_COMMON_BLOCKS = YES;
				GCC_WARN_64_TO_32_BIT_CONVERSION = YES;
				GCC_WARN_ABOUT_RETURN_TYPE = YES_ERROR;
				GCC_WARN_UNDECLARED_SELECTOR = YES;
				GCC_WARN_UNINITIALIZED_AUTOS = YES_AGGRESSIVE;
				GCC_WARN_UNUSED_FUNCTION = YES;
				GCC_WARN_UNUSED_VARIABLE = YES;
				MACOSX_DEPLOYMENT_TARGET = 11.3;
				MTL_ENABLE_DEBUG_INFO = NO;
				MTL_FAST_MATH = YES;
				SDKROOT = macosx;
			};
			name = Release;
		};
		EF81816C26936A420083C951 /* Debug */ = {
			isa = XCBuildConfiguration;
			buildSettings = {
				CODE_SIGN_STYLE = Automatic;
				DEVELOPMENT_TEAM = 3YU877859X;
				ENABLE_HARDENED_RUNTIME = YES;
				PRODUCT_NAME = "$(TARGET_NAME)";
			};
			name = Debug;
		};
		EF81816D26936A420083C951 /* Release */ = {
			isa = XCBuildConfiguration;
			buildSettings = {
				CODE_SIGN_STYLE = Automatic;
				DEVELOPMENT_TEAM = 3YU877859X;
				ENABLE_HARDENED_RUNTIME = YES;
				PRODUCT_NAME = "$(TARGET_NAME)";
			};
			name = Release;
		};
		EF81817726936A630083C951 /* Debug */ = {
			isa = XCBuildConfiguration;
			buildSettings = {
				CODE_SIGN_STYLE = Automatic;
				DEVELOPMENT_TEAM = 3YU877859X;
				ENABLE_HARDENED_RUNTIME = YES;
				PRODUCT_NAME = "$(TARGET_NAME)";
			};
			name = Debug;
		};
		EF81817826936A630083C951 /* Release */ = {
			isa = XCBuildConfiguration;
			buildSettings = {
				CODE_SIGN_STYLE = Automatic;
				DEVELOPMENT_TEAM = 3YU877859X;
				ENABLE_HARDENED_RUNTIME = YES;
				PRODUCT_NAME = "$(TARGET_NAME)";
			};
			name = Release;
		};
		EF8181852693D48C0083C951 /* Debug */ = {
			isa = XCBuildConfiguration;
			buildSettings = {
				CODE_SIGN_STYLE = Automatic;
				DEVELOPMENT_TEAM = 3YU877859X;
				ENABLE_HARDENED_RUNTIME = YES;
				PRODUCT_NAME = "$(TARGET_NAME)";
			};
			name = Debug;
		};
		EF8181862693D48C0083C951 /* Release */ = {
			isa = XCBuildConfiguration;
			buildSettings = {
				CODE_SIGN_STYLE = Automatic;
				DEVELOPMENT_TEAM = 3YU877859X;
				ENABLE_HARDENED_RUNTIME = YES;
				PRODUCT_NAME = "$(TARGET_NAME)";
			};
			name = Release;
		};
		EF89E7B8269A36BF006496E0 /* Debug */ = {
			isa = XCBuildConfiguration;
			buildSettings = {
				CODE_SIGN_STYLE = Automatic;
				DEVELOPMENT_TEAM = 3YU877859X;
				ENABLE_HARDENED_RUNTIME = YES;
				PRODUCT_NAME = "$(TARGET_NAME)";
			};
			name = Debug;
		};
		EF89E7B9269A36BF006496E0 /* Release */ = {
			isa = XCBuildConfiguration;
			buildSettings = {
				CODE_SIGN_STYLE = Automatic;
				DEVELOPMENT_TEAM = 3YU877859X;
				ENABLE_HARDENED_RUNTIME = YES;
				PRODUCT_NAME = "$(TARGET_NAME)";
			};
			name = Release;
		};
		EF89E7CD269B9292006496E0 /* Debug */ = {
			isa = XCBuildConfiguration;
			buildSettings = {
				CODE_SIGN_STYLE = Automatic;
				DEVELOPMENT_TEAM = 3YU877859X;
				ENABLE_HARDENED_RUNTIME = YES;
				PRODUCT_NAME = "$(TARGET_NAME)";
			};
			name = Debug;
		};
		EF89E7CE269B9292006496E0 /* Release */ = {
			isa = XCBuildConfiguration;
			buildSettings = {
				CODE_SIGN_STYLE = Automatic;
				DEVELOPMENT_TEAM = 3YU877859X;
				ENABLE_HARDENED_RUNTIME = YES;
				PRODUCT_NAME = "$(TARGET_NAME)";
			};
			name = Release;
		};
/* End XCBuildConfiguration section */

/* Begin XCConfigurationList section */
		EF15B6B9269660B7005E714D /* Build configuration list for PBXNativeTarget "Lab3" */ = {
			isa = XCConfigurationList;
			buildConfigurations = (
				EF15B6B7269660B7005E714D /* Debug */,
				EF15B6B8269660B7005E714D /* Release */,
			);
			defaultConfigurationIsVisible = 0;
			defaultConfigurationName = Release;
		};
		EF4CD1B0269786CC00F1D26D /* Build configuration list for PBXNativeTarget "Lab4" */ = {
			isa = XCConfigurationList;
			buildConfigurations = (
				EF4CD1B1269786CC00F1D26D /* Debug */,
				EF4CD1B2269786CC00F1D26D /* Release */,
			);
			defaultConfigurationIsVisible = 0;
			defaultConfigurationName = Release;
		};
		EF81815F26936A420083C951 /* Build configuration list for PBXProject "ObjectiveC" */ = {
			isa = XCConfigurationList;
			buildConfigurations = (
				EF81816926936A420083C951 /* Debug */,
				EF81816A26936A420083C951 /* Release */,
			);
			defaultConfigurationIsVisible = 0;
			defaultConfigurationName = Release;
		};
		EF81816B26936A420083C951 /* Build configuration list for PBXNativeTarget "ObjectiveC" */ = {
			isa = XCConfigurationList;
			buildConfigurations = (
				EF81816C26936A420083C951 /* Debug */,
				EF81816D26936A420083C951 /* Release */,
			);
			defaultConfigurationIsVisible = 0;
			defaultConfigurationName = Release;
		};
		EF81817626936A630083C951 /* Build configuration list for PBXNativeTarget "Lab1" */ = {
			isa = XCConfigurationList;
			buildConfigurations = (
				EF81817726936A630083C951 /* Debug */,
				EF81817826936A630083C951 /* Release */,
			);
			defaultConfigurationIsVisible = 0;
			defaultConfigurationName = Release;
		};
		EF8181842693D48C0083C951 /* Build configuration list for PBXNativeTarget "Lab2" */ = {
			isa = XCConfigurationList;
			buildConfigurations = (
				EF8181852693D48C0083C951 /* Debug */,
				EF8181862693D48C0083C951 /* Release */,
			);
			defaultConfigurationIsVisible = 0;
			defaultConfigurationName = Release;
		};
		EF89E7BA269A36BF006496E0 /* Build configuration list for PBXNativeTarget "Lab5" */ = {
			isa = XCConfigurationList;
			buildConfigurations = (
				EF89E7B8269A36BF006496E0 /* Debug */,
				EF89E7B9269A36BF006496E0 /* Release */,
			);
			defaultConfigurationIsVisible = 0;
			defaultConfigurationName = Release;
		};
		EF89E7CC269B9292006496E0 /* Build configuration list for PBXNativeTarget "Lab6" */ = {
			isa = XCConfigurationList;
			buildConfigurations = (
				EF89E7CD269B9292006496E0 /* Debug */,
				EF89E7CE269B9292006496E0 /* Release */,
			);
			defaultConfigurationIsVisible = 0;
			defaultConfigurationName = Release;
		};
/* End XCConfigurationList section */
	};
	rootObject = EF81815C26936A420083C951 /* Project object */;
}
